{
  "name": "dropbox-uploader",
  "version": "1.0.0",
  "lockfileVersion": 1,
  "requires": true,
  "dependencies": {
    "ansi.js": {
      "version": "0.0.5",
      "resolved": "https://registry.npmjs.org/ansi.js/-/ansi.js-0.0.5.tgz",
      "integrity": "sha1-4+nkXraXe6Du7u0RZ30SFEZ1NIw=",
      "requires": {
        "on-new-line": "0.0.1"
      }
    },
    "commander": {
      "version": "2.15.1",
      "resolved": "https://registry.npmjs.org/commander/-/commander-2.15.1.tgz",
      "integrity": "sha512-VlfT9F3V0v+jr4yxPc5gg9s62/fIVWsd2Bk2iD435um1NlGMYdVCq+MjcXnhYq2icNOizHr1kK+5TI6H0Hy0ag=="
    },
    "graceful-fs": {
      "version": "4.1.11",
      "resolved": "https://registry.npmjs.org/graceful-fs/-/graceful-fs-4.1.11.tgz",
      "integrity": "sha1-Dovf5NHduIVNZOBOp8AOKgJuVlg="
    },
    "node-fetch": {
      "version": "2.1.2",
      "resolved": "https://registry.npmjs.org/node-fetch/-/node-fetch-2.1.2.tgz",
      "integrity": "sha1-q4hOjn5X44qUR1POxwb3iNF2i7U="
    },
    "on-new-line": {
      "version": "0.0.1",
      "resolved": "https://registry.npmjs.org/on-new-line/-/on-new-line-0.0.1.tgz",
      "integrity": "sha1-mTOcsG3P4+eNaWSi7yrzdKFF+Ps="
    }
  }
}
